
Microsoft Visual Studio Solution File, Format Version 12.00
# Visual Studio Version 16
VisualStudioVersion = 16.0.30517.126
MinimumVisualStudioVersion = 10.0.40219.1
Project("{00D1A9C2-B5F0-4AF3-8072-F6C62B433612}") = "DatabaseVS", "DatabaseVS\DatabaseVS.sqlproj", "{20710985-20F6-49E6-98E0-0FA1AA669B3E}"
EndProject
Global
	GlobalSection(SolutionConfigurationPlatforms) = preSolution
		Debug|Any CPU = Debug|Any CPU
		Release|Any CPU = Release|Any CPU
	EndGlobalSection
	GlobalSection(ProjectConfigurationPlatforms) = postSolution
		{20710985-20F6-49E6-98E0-0FA1AA669B3E}.Debug|Any CPU.ActiveCfg = Debug|Any CPU
		{20710985-20F6-49E6-98E0-0FA1AA669B3E}.Debug|Any CPU.Build.0 = Debug|Any CPU
		{20710985-20F6-49E6-98E0-0FA1AA669B3E}.Debug|Any CPU.Deploy.0 = Debug|Any CPU
		{20710985-20F6-49E6-98E0-0FA1AA669B3E}.Release|Any CPU.ActiveCfg = Release|Any CPU
		{20710985-20F6-49E6-98E0-0FA1AA669B3E}.Release|Any CPU.Build.0 = Release|Any CPU
		{20710985-20F6-49E6-98E0-0FA1AA669B3E}.Release|Any CPU.Deploy.0 = Release|Any CPU
	EndGlobalSection
	GlobalSection(SolutionProperties) = preSolution
		HideSolutionNode = FALSE
	EndGlobalSection
	GlobalSection(ExtensibilityGlobals) = postSolution
		SolutionGuid = {65DE2821-C606-479E-96D3-9A1EB4A2B443}
	EndGlobalSection
EndGlobal
